// !$*UTF8*$!
{
	archiveVersion = 1;
	classes = {
	};
	objectVersion = 56;
	objects = {

/* Begin PBXBuildFile section */
		AA0000010000000000000001 /* main.swift in Sources */ = {isa = PBXBuildFile; fileRef = BB0000010000000000000001 /* main.swift */; };
		AA0000010000000000000002 /* AppDelegate.swift in Sources */ = {isa = PBXBuildFile; fileRef = BB0000010000000000000002 /* AppDelegate.swift */; };
		AA0000010000000000000003 /* HIDConstants.swift in Sources */ = {isa = PBXBuildFile; fileRef = BB0000010000000000000003 /* HIDConstants.swift */; };
		AA0000010000000000000004 /* HIDDeviceManager.swift in Sources */ = {isa = PBXBuildFile; fileRef = BB0000010000000000000004 /* HIDDeviceManager.swift */; };
		AA0000010000000000000005 /* TouchReportParser.swift in Sources */ = {isa = PBXBuildFile; fileRef = BB0000010000000000000005 /* TouchReportParser.swift */; };
		AA0000010000000000000006 /* CoordinateMapper.swift in Sources */ = {isa = PBXBuildFile; fileRef = BB0000010000000000000006 /* CoordinateMapper.swift */; };
		AA0000010000000000000007 /* GestureEngine.swift in Sources */ = {isa = PBXBuildFile; fileRef = BB0000010000000000000007 /* GestureEngine.swift */; };
		AA0000010000000000000008 /* EventInjector.swift in Sources */ = {isa = PBXBuildFile; fileRef = BB0000010000000000000008 /* EventInjector.swift */; };
		AA0000010000000000000009 /* SettingsView.swift in Sources */ = {isa = PBXBuildFile; fileRef = BB0000010000000000000009 /* SettingsView.swift */; };
		AA000001000000000000000A /* CalibrationView.swift in Sources */ = {isa = PBXBuildFile; fileRef = BB000001000000000000000A /* CalibrationView.swift */; };
		AA000001000000000000000B /* MenuBarView.swift in Sources */ = {isa = PBXBuildFile; fileRef = BB000001000000000000000B /* MenuBarView.swift */; };
		AA000001000000000000000C /* TouchPoint.swift in Sources */ = {isa = PBXBuildFile; fileRef = BB000001000000000000000C /* TouchPoint.swift */; };
		AA000001000000000000000D /* Configuration.swift in Sources */ = {isa = PBXBuildFile; fileRef = BB000001000000000000000D /* Configuration.swift */; };
		AA000001000000000000000E /* Assets.xcassets in Resources */ = {isa = PBXBuildFile; fileRef = BB000001000000000000000E /* Assets.xcassets */; };
/* End PBXBuildFile section */

/* Begin PBXFileReference section */
		BB0000010000000000000001 /* main.swift */ = {isa = PBXFileReference; lastKnownFileType = sourcecode.swift; path = main.swift; sourceTree = "<group>"; };
		BB0000010000000000000002 /* AppDelegate.swift */ = {isa = PBXFileReference; lastKnownFileType = sourcecode.swift; path = AppDelegate.swift; sourceTree = "<group>"; };
		BB0000010000000000000003 /* HIDConstants.swift */ = {isa = PBXFileReference; lastKnownFileType = sourcecode.swift; path = HIDConstants.swift; sourceTree = "<group>"; };
		BB0000010000000000000004 /* HIDDeviceManager.swift */ = {isa = PBXFileReference; lastKnownFileType = sourcecode.swift; path = HIDDeviceManager.swift; sourceTree = "<group>"; };
		BB0000010000000000000005 /* TouchReportParser.swift */ = {isa = PBXFileReference; lastKnownFileType = sourcecode.swift; path = TouchReportParser.swift; sourceTree = "<group>"; };
		BB0000010000000000000006 /* CoordinateMapper.swift */ = {isa = PBXFileReference; lastKnownFileType = sourcecode.swift; path = CoordinateMapper.swift; sourceTree = "<group>"; };
		BB0000010000000000000007 /* GestureEngine.swift */ = {isa = PBXFileReference; lastKnownFileType = sourcecode.swift; path = GestureEngine.swift; sourceTree = "<group>"; };
		BB0000010000000000000008 /* EventInjector.swift */ = {isa = PBXFileReference; lastKnownFileType = sourcecode.swift; path = EventInjector.swift; sourceTree = "<group>"; };
		BB0000010000000000000009 /* SettingsView.swift */ = {isa = PBXFileReference; lastKnownFileType = sourcecode.swift; path = SettingsView.swift; sourceTree = "<group>"; };
		BB000001000000000000000A /* CalibrationView.swift */ = {isa = PBXFileReference; lastKnownFileType = sourcecode.swift; path = CalibrationView.swift; sourceTree = "<group>"; };
		BB000001000000000000000B /* MenuBarView.swift */ = {isa = PBXFileReference; lastKnownFileType = sourcecode.swift; path = MenuBarView.swift; sourceTree = "<group>"; };
		BB000001000000000000000C /* TouchPoint.swift */ = {isa = PBXFileReference; lastKnownFileType = sourcecode.swift; path = TouchPoint.swift; sourceTree = "<group>"; };
		BB000001000000000000000D /* Configuration.swift */ = {isa = PBXFileReference; lastKnownFileType = sourcecode.swift; path = Configuration.swift; sourceTree = "<group>"; };
		BB000001000000000000000E /* Assets.xcassets */ = {isa = PBXFileReference; lastKnownFileType = folder.assetcatalog; path = Assets.xcassets; sourceTree = "<group>"; };
		BB000001000000000000000F /* TouchRedirectMac.entitlements */ = {isa = PBXFileReference; lastKnownFileType = text.plist.entitlements; path = TouchRedirectMac.entitlements; sourceTree = "<group>"; };
		BB0000010000000000000010 /* Info.plist */ = {isa = PBXFileReference; lastKnownFileType = text.plist.xml; path = Info.plist; sourceTree = "<group>"; };
		CC0000010000000000000001 /* TouchRedirectMac.app */ = {isa = PBXFileReference; explicitFileType = wrapper.application; includeInIndex = 0; path = TouchRedirectMac.app; sourceTree = BUILT_PRODUCTS_DIR; };
/* End PBXFileReference section */

/* Begin PBXFrameworksBuildPhase section */
		DD0000010000000000000001 /* Frameworks */ = {
			isa = PBXFrameworksBuildPhase;
			buildActionMask = 2147483647;
			files = (
			);
			runOnlyForDeploymentPostprocessing = 0;
		};
/* End PBXFrameworksBuildPhase section */

/* Begin PBXGroup section */
		EE0000010000000000000001 = {
			isa = PBXGroup;
			children = (
				EE0000010000000000000002 /* TouchRedirectMac */,
				EE0000010000000000000003 /* Products */,
			);
			sourceTree = "<group>";
		};
		EE0000010000000000000002 /* TouchRedirectMac */ = {
			isa = PBXGroup;
			children = (
				EE0000010000000000000004 /* App */,
				EE0000010000000000000005 /* HID */,
				EE0000010000000000000006 /* Touch */,
				EE0000010000000000000007 /* UI */,
				EE0000010000000000000008 /* Models */,
				EE0000010000000000000009 /* Resources */,
				BB000001000000000000000F /* TouchRedirectMac.entitlements */,
			);
			path = TouchRedirectMac;
			sourceTree = "<group>";
		};
		EE0000010000000000000003 /* Products */ = {
			isa = PBXGroup;
			children = (
				CC0000010000000000000001 /* TouchRedirectMac.app */,
			);
			name = Products;
			sourceTree = "<group>";
		};
		EE0000010000000000000004 /* App */ = {
			isa = PBXGroup;
			children = (
				BB0000010000000000000001 /* main.swift */,
				BB0000010000000000000002 /* AppDelegate.swift */,
				BB0000010000000000000010 /* Info.plist */,
			);
			path = App;
			sourceTree = "<group>";
		};
		EE0000010000000000000005 /* HID */ = {
			isa = PBXGroup;
			children = (
				BB0000010000000000000003 /* HIDConstants.swift */,
				BB0000010000000000000004 /* HIDDeviceManager.swift */,
				BB0000010000000000000005 /* TouchReportParser.swift */,
			);
			path = HID;
			sourceTree = "<group>";
		};
		EE0000010000000000000006 /* Touch */ = {
			isa = PBXGroup;
			children = (
				BB0000010000000000000006 /* CoordinateMapper.swift */,
				BB0000010000000000000007 /* GestureEngine.swift */,
				BB0000010000000000000008 /* EventInjector.swift */,
			);
			path = Touch;
			sourceTree = "<group>";
		};
		EE0000010000000000000007 /* UI */ = {
			isa = PBXGroup;
			children = (
				BB0000010000000000000009 /* SettingsView.swift */,
				BB000001000000000000000A /* CalibrationView.swift */,
				BB000001000000000000000B /* MenuBarView.swift */,
			);
			path = UI;
			sourceTree = "<group>";
		};
		EE0000010000000000000008 /* Models */ = {
			isa = PBXGroup;
			children = (
				BB000001000000000000000C /* TouchPoint.swift */,
				BB000001000000000000000D /* Configuration.swift */,
			);
			path = Models;
			sourceTree = "<group>";
		};
		EE0000010000000000000009 /* Resources */ = {
			isa = PBXGroup;
			children = (
				BB000001000000000000000E /* Assets.xcassets */,
			);
			path = Resources;
			sourceTree = "<group>";
		};
/* End PBXGroup section */

/* Begin PBXNativeTarget section */
		FF0000010000000000000001 /* TouchRedirectMac */ = {
			isa = PBXNativeTarget;
			buildConfigurationList = FF0000010000000000000002 /* Build configuration list for PBXNativeTarget "TouchRedirectMac" */;
			buildPhases = (
				DD0000010000000000000001 /* Frameworks */,
				DD0000010000000000000002 /* Sources */,
				DD0000010000000000000003 /* Resources */,
			);
			buildRules = (
			);
			dependencies = (
			);
			name = TouchRedirectMac;
			productName = TouchRedirectMac;
			productReference = CC0000010000000000000001 /* TouchRedirectMac.app */;
			productType = "com.apple.product-type.application";
		};
/* End PBXNativeTarget section */

/* Begin PBXProject section */
		FF0000010000000000000003 /* Project object */ = {
			isa = PBXProject;
			attributes = {
				BuildIndependentTargetsInParallel = 1;
				LastSwiftUpdateCheck = 1500;
				LastUpgradeCheck = 1500;
				TargetAttributes = {
					FF0000010000000000000001 = {
						CreatedOnToolsVersion = 15.0;
					};
				};
			};
			buildConfigurationList = FF0000010000000000000004 /* Build configuration list for PBXProject "TouchRedirectMac" */;
			compatibilityVersion = "Xcode 14.0";
			developmentRegion = en;
			hasScannedForEncodings = 0;
			knownRegions = (
				en,
				Base,
			);
			mainGroup = EE0000010000000000000001;
			productRefGroup = EE0000010000000000000003 /* Products */;
			projectDirPath = "";
			projectRoot = "";
			targets = (
				FF0000010000000000000001 /* TouchRedirectMac */,
			);
		};
/* End PBXProject section */

/* Begin PBXResourcesBuildPhase section */
		DD0000010000000000000003 /* Resources */ = {
			isa = PBXResourcesBuildPhase;
			buildActionMask = 2147483647;
			files = (
				AA000001000000000000000E /* Assets.xcassets in Resources */,
			);
			runOnlyForDeploymentPostprocessing = 0;
		};
/* End PBXResourcesBuildPhase section */

/* Begin PBXSourcesBuildPhase section */
		DD0000010000000000000002 /* Sources */ = {
			isa = PBXSourcesBuildPhase;
			buildActionMask = 2147483647;
			files = (
				AA0000010000000000000001 /* main.swift in Sources */,
				AA0000010000000000000002 /* AppDelegate.swift in Sources */,
				AA0000010000000000000003 /* HIDConstants.swift in Sources */,
				AA0000010000000000000004 /* HIDDeviceManager.swift in Sources */,
				AA0000010000000000000005 /* TouchReportParser.swift in Sources */,
				AA0000010000000000000006 /* CoordinateMapper.swift in Sources */,
				AA0000010000000000000007 /* GestureEngine.swift in Sources */,
				AA0000010000000000000008 /* EventInjector.swift in Sources */,
				AA0000010000000000000009 /* SettingsView.swift in Sources */,
				AA000001000000000000000A /* CalibrationView.swift in Sources */,
				AA000001000000000000000B /* MenuBarView.swift in Sources */,
				AA000001000000000000000C /* TouchPoint.swift in Sources */,
				AA000001000000000000000D /* Configuration.swift in Sources */,
			);
			runOnlyForDeploymentPostprocessing = 0;
		};
/* End PBXSourcesBuildPhase section */

/* Begin XCBuildConfiguration section */
		GG0000010000000000000001 /* Debug */ = {
			isa = XCBuildConfiguration;
			buildSettings = {
				ALWAYS_SEARCH_USER_PATHS = NO;
				ASSETCATALOG_COMPILER_GENERATE_SWIFT_ASSET_SYMBOL_EXTENSIONS = YES;
				CLANG_ANALYZER_NONNULL = YES;
				CLANG_ANALYZER_NUMBER_OBJECT_CONVERSION = YES_AGGRESSIVE;
				CLANG_CXX_LANGUAGE_STANDARD = "gnu++20";
				CLANG_ENABLE_MODULES = YES;
				CLANG_ENABLE_OBJC_ARC = YES;
				CLANG_ENABLE_OBJC_WEAK = YES;
				CLANG_WARN_BLOCK_CAPTURE_AUTORELEASING = YES;
				CLANG_WARN_BOOL_CONVERSION = YES;
				CLANG_WARN_COMMA = YES;
				CLANG_WARN_CONSTANT_CONVERSION = YES;
				CLANG_WARN_DEPRECATED_OBJC_IMPLEMENTATIONS = YES;
				CLANG_WARN_DIRECT_OBJC_ISA_USAGE = YES_ERROR;
				CLANG_WARN_DOCUMENTATION_COMMENTS = YES;
				CLANG_WARN_EMPTY_BODY = YES;
				CLANG_WARN_ENUM_CONVERSION = YES;
				CLANG_WARN_INFINITE_RECURSION = YES;
				CLANG_WARN_INT_CONVERSION = YES;
				CLANG_WARN_NON_LITERAL_NULL_CONVERSION = YES;
				CLANG_WARN_OBJC_IMPLICIT_RETAIN_SELF = YES;
				CLANG_WARN_OBJC_LITERAL_CONVERSION = YES;
				CLANG_WARN_OBJC_ROOT_CLASS = YES_ERROR;
				CLANG_WARN_QUOTED_INCLUDE_IN_FRAMEWORK_HEADER = YES;
				CLANG_WARN_RANGE_LOOP_ANALYSIS = YES;
				CLANG_WARN_STRICT_PROTOTYPES = YES;
				CLANG_WARN_SUSPICIOUS_MOVE = YES;
				CLANG_WARN_UNGUARDED_AVAILABILITY = YES_AGGRESSIVE;
				CLANG_WARN_UNREACHABLE_CODE = YES;
				CLANG_WARN__DUPLICATE_METHOD_MATCH = YES;
				COPY_PHASE_STRIP = NO;
				DEBUG_INFORMATION_FORMAT = dwarf;
				ENABLE_STRICT_OBJC_MSGSEND = YES;
				ENABLE_TESTABILITY = YES;
				ENABLE_USER_SCRIPT_SANDBOXING = YES;
				GCC_C_LANGUAGE_STANDARD = gnu17;
				GCC_DYNAMIC_NO_PIC = NO;
				GCC_NO_COMMON_BLOCKS = YES;
				GCC_OPTIMIZATION_LEVEL = 0;
				GCC_PREPROCESSOR_DEFINITIONS = (
					"DEBUG=1",
					"$(inherited)",
				);
				GCC_WARN_64_TO_32_BIT_CONVERSION = YES;
				GCC_WARN_ABOUT_RETURN_TYPE = YES_ERROR;
				GCC_WARN_UNDECLARED_SELECTOR = YES;
				GCC_WARN_UNINITIALIZED_AUTOS = YES_AGGRESSIVE;
				GCC_WARN_UNUSED_FUNCTION = YES;
				GCC_WARN_UNUSED_VARIABLE = YES;
				LOCALIZATION_PREFERS_STRING_CATALOGS = YES;
				MACOSX_DEPLOYMENT_TARGET = 13.0;
				MTL_ENABLE_DEBUG_INFO = INCLUDE_SOURCE;
				MTL_FAST_MATH = YES;
				ONLY_ACTIVE_ARCH = YES;
				SDKROOT = macosx;
				SWIFT_ACTIVE_COMPILATION_CONDITIONS = "DEBUG $(inherited)";
				SWIFT_OPTIMIZATION_LEVEL = "-Onone";
			};
			name = Debug;
		};
		GG0000010000000000000002 /* Release */ = {
			isa = XCBuildConfiguration;
			buildSettings = {
				ALWAYS_SEARCH_USER_PATHS = NO;
				ASSETCATALOG_COMPILER_GENERATE_SWIFT_ASSET_SYMBOL_EXTENSIONS = YES;
				CLANG_ANALYZER_NONNULL = YES;
				CLANG_ANALYZER_NUMBER_OBJECT_CONVERSION = YES_AGGRESSIVE;
				CLANG_CXX_LANGUAGE_STANDARD = "gnu++20";
				CLANG_ENABLE_MODULES = YES;
				CLANG_ENABLE_OBJC_ARC = YES;
				CLANG_ENABLE_OBJC_WEAK = YES;
				CLANG_WARN_BLOCK_CAPTURE_AUTORELEASING = YES;
				CLANG_WARN_BOOL_CONVERSION = YES;
				CLANG_WARN_COMMA = YES;
				CLANG_WARN_CONSTANT_CONVERSION = YES;
				CLANG_WARN_DEPRECATED_OBJC_IMPLEMENTATIONS = YES;
				CLANG_WARN_DIRECT_OBJC_ISA_USAGE = YES_ERROR;
				CLANG_WARN_DOCUMENTATION_COMMENTS = YES;
				CLANG_WARN_EMPTY_BODY = YES;
				CLANG_WARN_ENUM_CONVERSION = YES;
				CLANG_WARN_INFINITE_RECURSION = YES;
				CLANG_WARN_INT_CONVERSION = YES;
				CLANG_WARN_NON_LITERAL_NULL_CONVERSION = YES;
				CLANG_WARN_OBJC_IMPLICIT_RETAIN_SELF = YES;
				CLANG_WARN_OBJC_LITERAL_CONVERSION = YES;
				CLANG_WARN_OBJC_ROOT_CLASS = YES_ERROR;
				CLANG_WARN_QUOTED_INCLUDE_IN_FRAMEWORK_HEADER = YES;
				CLANG_WARN_RANGE_LOOP_ANALYSIS = YES;
				CLANG_WARN_STRICT_PROTOTYPES = YES;
				CLANG_WARN_SUSPICIOUS_MOVE = YES;
				CLANG_WARN_UNGUARDED_AVAILABILITY = YES_AGGRESSIVE;
				CLANG_WARN_UNREACHABLE_CODE = YES;
				CLANG_WARN__DUPLICATE_METHOD_MATCH = YES;
				COPY_PHASE_STRIP = NO;
				DEBUG_INFORMATION_FORMAT = "dwarf-with-dsym";
				ENABLE_NS_ASSERTIONS = NO;
				ENABLE_STRICT_OBJC_MSGSEND = YES;
				ENABLE_USER_SCRIPT_SANDBOXING = YES;
				GCC_C_LANGUAGE_STANDARD = gnu17;
				GCC_NO_COMMON_BLOCKS = YES;
				GCC_WARN_64_TO_32_BIT_CONVERSION = YES;
				GCC_WARN_ABOUT_RETURN_TYPE = YES_ERROR;
				GCC_WARN_UNDECLARED_SELECTOR = YES;
				GCC_WARN_UNINITIALIZED_AUTOS = YES_AGGRESSIVE;
				GCC_WARN_UNUSED_FUNCTION = YES;
				GCC_WARN_UNUSED_VARIABLE = YES;
				LOCALIZATION_PREFERS_STRING_CATALOGS = YES;
				MACOSX_DEPLOYMENT_TARGET = 13.0;
				MTL_ENABLE_DEBUG_INFO = NO;
				MTL_FAST_MATH = YES;
				SDKROOT = macosx;
				SWIFT_COMPILATION_MODE = wholemodule;
			};
			name = Release;
		};
		GG0000010000000000000003 /* Debug */ = {
			isa = XCBuildConfiguration;
			buildSettings = {
				ASSETCATALOG_COMPILER_APPICON_NAME = AppIcon;
				ASSETCATALOG_COMPILER_GLOBAL_ACCENT_COLOR_NAME = AccentColor;
				CODE_SIGN_ENTITLEMENTS = TouchRedirectMac/TouchRedirectMac.entitlements;
				CODE_SIGN_STYLE = Automatic;
				COMBINE_HIDPI_IMAGES = YES;
				CURRENT_PROJECT_VERSION = 1;
				DEVELOPMENT_TEAM = "";
				ENABLE_HARDENED_RUNTIME = YES;
				GENERATE_INFOPLIST_FILE = NO;
				INFOPLIST_FILE = TouchRedirectMac/App/Info.plist;
				INFOPLIST_KEY_LSUIElement = YES;
				INFOPLIST_KEY_NSHumanReadableCopyright = "";
				INFOPLIST_KEY_NSPrincipalClass = NSApplication;
				LD_RUNPATH_SEARCH_PATHS = (
					"$(inherited)",
					"@executable_path/../Frameworks",
				);
				MARKETING_VERSION = 1.0;
				PRODUCT_BUNDLE_IDENTIFIER = com.touchredirect.TouchRedirectMac;
				PRODUCT_NAME = "$(TARGET_NAME)";
				SWIFT_EMIT_LOC_STRINGS = YES;
				SWIFT_VERSION = 5.0;
			};
			name = Debug;
		};
		GG0000010000000000000004 /* Release */ = {
			isa = XCBuildConfiguration;
			buildSettings = {
				ASSETCATALOG_COMPILER_APPICON_NAME = AppIcon;
				ASSETCATALOG_COMPILER_GLOBAL_ACCENT_COLOR_NAME = AccentColor;
				CODE_SIGN_ENTITLEMENTS = TouchRedirectMac/TouchRedirectMac.entitlements;
				CODE_SIGN_STYLE = Automatic;
				COMBINE_HIDPI_IMAGES = YES;
				CURRENT_PROJECT_VERSION = 1;
				DEVELOPMENT_TEAM = "";
				ENABLE_HARDENED_RUNTIME = YES;
				GENERATE_INFOPLIST_FILE = NO;
				INFOPLIST_FILE = TouchRedirectMac/App/Info.plist;
				INFOPLIST_KEY_LSUIElement = YES;
				INFOPLIST_KEY_NSHumanReadableCopyright = "";
				INFOPLIST_KEY_NSPrincipalClass = NSApplication;
				LD_RUNPATH_SEARCH_PATHS = (
					"$(inherited)",
					"@executable_path/../Frameworks",
				);
				MARKETING_VERSION = 1.0;
				PRODUCT_BUNDLE_IDENTIFIER = com.touchredirect.TouchRedirectMac;
				PRODUCT_NAME = "$(TARGET_NAME)";
				SWIFT_EMIT_LOC_STRINGS = YES;
				SWIFT_VERSION = 5.0;
			};
			name = Release;
		};
/* End XCBuildConfiguration section */

/* Begin XCConfigurationList section */
		FF0000010000000000000002 /* Build configuration list for PBXNativeTarget "TouchRedirectMac" */ = {
			isa = XCConfigurationList;
			buildConfigurations = (
				GG0000010000000000000003 /* Debug */,
				GG0000010000000000000004 /* Release */,
			);
			defaultConfigurationIsVisible = 0;
			defaultConfigurationName = Release;
		};
		FF0000010000000000000004 /* Build configuration list for PBXProject "TouchRedirectMac" */ = {
			isa = XCConfigurationList;
			buildConfigurations = (
				GG0000010000000000000001 /* Debug */,
				GG0000010000000000000002 /* Release */,
			);
			defaultConfigurationIsVisible = 0;
			defaultConfigurationName = Release;
		};
/* End XCConfigurationList section */
	};
	rootObject = FF0000010000000000000003 /* Project object */;
}
